PODS:
  - AVOSCloud (3.2.7)
  - AVOSCloudCrashReporting (3.2.7):
    - AVOSCloud
  - AVOSCloudIM (3.2.7):
    - AVOSCloud
  - ChameleonFramework (2.1.0):
    - ChameleonFramework/Default (= 2.1.0)
  - ChameleonFramework/Default (2.1.0)
  - DGActivityIndicatorView (2.0)
  - ECSlidingViewController (2.0.3)

DEPENDENCIES:
  - AVOSCloud
  - AVOSCloudCrashReporting
  - AVOSCloudIM
  - ChameleonFramework
  - DGActivityIndicatorView
  - ECSlidingViewController (~> 2.0.3)

SPEC CHECKSUMS:
  AVOSCloud: 957d1508104d7c8ed501df9d9b734d7a98c2e047
  AVOSCloudCrashReporting: 68b4c9096c5f465f1cbda4a1d7ea5f04efa930ab
  AVOSCloudIM: ec08eaec4d27d732e3be93eadeb3bcf1355b5dcf
  ChameleonFramework: d21a3cc247abfe5e37609a283a8238b03575cf64
  DGActivityIndicatorView: 52875b025a6ccf6a431a905285c12e2bb95eb559
  ECSlidingViewController: 6485c14f23b4487e9946535421ca8f111f86cc53

COCOAPODS: 0.39.0
