PODS:
  - AVOSCloud (3.2.8)
  - AVOSCloudCrashReporting (3.2.8):
    - AVOSCloud
  - ChameleonFramework (2.1.0):
    - ChameleonFramework/Default (= 2.1.0)
  - ChameleonFramework/Default (2.1.0)
  - DGActivityIndicatorView (2.0)
  - ECSlidingViewController (2.0.3)
  - Masonry (1.0.0)
  - tingyunApp (2.3.5)
  - YYText (1.0.5)

DEPENDENCIES:
  - AVOSCloud
  - AVOSCloudCrashReporting
  - ChameleonFramework
  - DGActivityIndicatorView
  - ECSlidingViewController (~> 2.0.3)
  - Masonry
  - tingyunApp
  - YYText (~> 1.0.5)

SPEC CHECKSUMS:
  AVOSCloud: b789619942a4275e615f8f0782e7475675951b95
  AVOSCloudCrashReporting: 2dddc7dfc8ef423492a01c0076b3e97716854701
  ChameleonFramework: d21a3cc247abfe5e37609a283a8238b03575cf64
  DGActivityIndicatorView: 52875b025a6ccf6a431a905285c12e2bb95eb559
  ECSlidingViewController: 6485c14f23b4487e9946535421ca8f111f86cc53
  Masonry: b529bb169217897b6354d4b56b1fada6d475b13d
  tingyunApp: 069e29a378ce9dfdd515ac0637cda4ea4e16908c
  YYText: ac09660c9ccd9b817f409a20caa6f5587444d2ae

COCOAPODS: 0.39.0
